
Microsoft Visual Studio Solution File, Format Version 12.00
# Visual Studio Version 17
VisualStudioVersion = 17.13.35818.85 d17.13
MinimumVisualStudioVersion = 10.0.40219.1
Project("{FAE04EC0-301F-11D3-BF4B-00C04F79EFBC}") = "LeetCodeSolution", "LeetCodeSolution\LeetCodeSolution.csproj", "{C6A26FAD-1F63-46E0-A0E9-93D2C2BFF15E}"
EndProject
Global
	GlobalSection(SolutionConfigurationPlatforms) = preSolution
		Debug|Any CPU = Debug|Any CPU
		Release|Any CPU = Release|Any CPU
	EndGlobalSection
	GlobalSection(ProjectConfigurationPlatforms) = postSolution
		{C6A26FAD-1F63-46E0-A0E9-93D2C2BFF15E}.Debug|Any CPU.ActiveCfg = Debug|Any CPU
		{C6A26FAD-1F63-46E0-A0E9-93D2C2BFF15E}.Debug|Any CPU.Build.0 = Debug|Any CPU
		{C6A26FAD-1F63-46E0-A0E9-93D2C2BFF15E}.Release|Any CPU.ActiveCfg = Release|Any CPU
		{C6A26FAD-1F63-46E0-A0E9-93D2C2BFF15E}.Release|Any CPU.Build.0 = Release|Any CPU
	EndGlobalSection
	GlobalSection(SolutionProperties) = preSolution
		HideSolutionNode = FALSE
	EndGlobalSection
	GlobalSection(ExtensibilityGlobals) = postSolution
		SolutionGuid = {424E2045-3257-4E17-93E7-A0FB1E1D7A56}
	EndGlobalSection
EndGlobal
